
Microsoft Visual Studio Solution File, Format Version 12.00
# Visual Studio Version 16
VisualStudioVersion = 16.0.31624.102
MinimumVisualStudioVersion = 10.0.40219.1
Project("{FAE04EC0-301F-11D3-BF4B-00C04F79EFBC}") = "ExecPlugin", "ExecPlugin\ExecPlugin.csproj", "{AC85149C-01BC-4655-A8A7-1E692CD123DD}"
EndProject
Global
	GlobalSection(SolutionConfigurationPlatforms) = preSolution
		Debug|Any CPU = Debug|Any CPU
		Release|Any CPU = Release|Any CPU
	EndGlobalSection
	GlobalSection(ProjectConfigurationPlatforms) = postSolution
		{AC85149C-01BC-4655-A8A7-1E692CD123DD}.Debug|Any CPU.ActiveCfg = Debug|Any CPU
		{AC85149C-01BC-4655-A8A7-1E692CD123DD}.Debug|Any CPU.Build.0 = Debug|Any CPU
		{AC85149C-01BC-4655-A8A7-1E692CD123DD}.Release|Any CPU.ActiveCfg = Release|Any CPU
		{AC85149C-01BC-4655-A8A7-1E692CD123DD}.Release|Any CPU.Build.0 = Release|Any CPU
	EndGlobalSection
	GlobalSection(SolutionProperties) = preSolution
		HideSolutionNode = FALSE
	EndGlobalSection
	GlobalSection(ExtensibilityGlobals) = postSolution
		SolutionGuid = {749498D5-3C02-46B3-88B2-AE00D844F51C}
	EndGlobalSection
EndGlobal
